
Microsoft Visual Studio Solution File, Format Version 12.00
# Visual Studio 15
VisualStudioVersion = 15.0.28307.438
MinimumVisualStudioVersion = 10.0.40219.1
Project("{FAE04EC0-301F-11D3-BF4B-00C04F79EFBC}") = "MTDataShareConsole", "MTDataShareConsole\MTDataShareConsole.csproj", "{609B91E9-8ED1-477D-976D-723C0B1A4128}"
EndProject
Global
	GlobalSection(SolutionConfigurationPlatforms) = preSolution
		Debug|Any CPU = Debug|Any CPU
		Release|Any CPU = Release|Any CPU
	EndGlobalSection
	GlobalSection(ProjectConfigurationPlatforms) = postSolution
		{609B91E9-8ED1-477D-976D-723C0B1A4128}.Debug|Any CPU.ActiveCfg = Debug|Any CPU
		{609B91E9-8ED1-477D-976D-723C0B1A4128}.Debug|Any CPU.Build.0 = Debug|Any CPU
		{609B91E9-8ED1-477D-976D-723C0B1A4128}.Release|Any CPU.ActiveCfg = Release|Any CPU
		{609B91E9-8ED1-477D-976D-723C0B1A4128}.Release|Any CPU.Build.0 = Release|Any CPU
	EndGlobalSection
	GlobalSection(SolutionProperties) = preSolution
		HideSolutionNode = FALSE
	EndGlobalSection
	GlobalSection(ExtensibilityGlobals) = postSolution
		SolutionGuid = {10CE203A-70F7-48D6-B71E-E4B0F6B134D9}
	EndGlobalSection
EndGlobal
